{
  "name": "halite2",
  "version": "1.0.0",
  "lockfileVersion": 1,
  "requires": true,
  "dependencies": {
    "@tyriar/fibonacci-heap": {
      "version": "1.0.10",
      "resolved": "https://registry.npmjs.org/@tyriar/fibonacci-heap/-/fibonacci-heap-1.0.10.tgz",
      "integrity": "sha1-D4hUk4ez6U2TYMREb2zMK0z+dKg="
    }
  }
}
